<Solution>
  <Folder Name="/BuildingBlocks/">
    <Project Path="src/BuildingBlocks/Elib.BuildingBlocks.AdminTasks/Elib.BuildingBlocks.AdminTasks.csproj" />
    <Project Path="src/BuildingBlocks/Elib.BuildingBlocks.Authorization/Elib.BuildingBlocks.Authorization.csproj" />
    <Project Path="src/BuildingBlocks/Elib.BuildingBlocks.Crud/Elib.BuildingBlocks.Crud.csproj" />
    <Project Path="src/BuildingBlocks/Elib.BuildingBlocks.Domain/Elib.BuildingBlocks.Domain.csproj" />
    <Project Path="src/BuildingBlocks/Elib.BuildingBlocks.Hosting/Elib.BuildingBlocks.Hosting.csproj" />
    <Project Path="src/BuildingBlocks/Elib.BuildingBlocks.Messaging/Elib.BuildingBlocks.Messaging.csproj" />
    <Project Path="src/BuildingBlocks/Elib.BuildingBlocks.Observability/Elib.BuildingBlocks.Observability.csproj" />
    <Project Path="src/BuildingBlocks/Elib.BuildingBlocks.Persistence/Elib.BuildingBlocks.Persistence.csproj" />
    <Project Path="src/BuildingBlocks/Elib.BuildingBlocks.Resilience/Elib.BuildingBlocks.Resilience.csproj" />
    <Project Path="src/BuildingBlocks/Elib.BuildingBlocks.Storage/Elib.BuildingBlocks.Storage.csproj" />
    <Project Path="src/BuildingBlocks/Elib.BuildingBlocks.Tenancy/Elib.BuildingBlocks.Tenancy.csproj" />
    <Project Path="src/BuildingBlocks/Elib.BuildingBlocks.TenantReplica/Elib.BuildingBlocks.TenantReplica.csproj" />
    <Project Path="src/BuildingBlocks/Elib.BuildingBlocks.Testing/Elib.BuildingBlocks.Testing.csproj" />
  </Folder>
  <Folder Name="/BuildingBlocks/tests/">
    <Project Path="src/BuildingBlocks/tests/Elib.BuildingBlocks.Tests/Elib.BuildingBlocks.Tests.csproj" />
  </Folder>
  <Folder Name="/Contracts/">
    <Project Path="src/Contracts/Elib.Contracts.Events/Elib.Contracts.Events.csproj" />
    <Project Path="src/Contracts/Elib.Contracts.Grpc/Elib.Contracts.Grpc.csproj" />
  </Folder>
  <Folder Name="/Gateway/">
    <Project Path="src/Gateway/Elib.Gateway/Elib.Gateway.csproj" />
    <Project Path="src/Gateway/tests/Elib.Gateway.Tests/Elib.Gateway.Tests.csproj" />
  </Folder>
  <Folder Name="/Services/" />
  <Folder Name="/Services/Audit/">
    <Project Path="src/Services/Audit/Elib.Audit.Api/Elib.Audit.Api.csproj" />
    <Project Path="src/Services/Audit/Elib.Audit.Application/Elib.Audit.Application.csproj" />
    <Project Path="src/Services/Audit/Elib.Audit.Domain/Elib.Audit.Domain.csproj" />
    <Project Path="src/Services/Audit/Elib.Audit.Infrastructure/Elib.Audit.Infrastructure.csproj" />
    <Project Path="src/Services/Audit/tests/Elib.Audit.Tests/Elib.Audit.Tests.csproj" />
  </Folder>
  <Folder Name="/Contracts/tests/">
    <Project Path="src/Contracts/tests/Elib.Contracts.Tests/Elib.Contracts.Tests.csproj" />
  </Folder>
  <Folder Name="/Tests/">
    <Project Path="src/Tests/Elib.Platform.LeakTests/Elib.Platform.LeakTests.csproj" />
  </Folder>
  <Folder Name="/Services/Patron/">
    <Project Path="src/Services/Patron/Elib.Patron.Api/Elib.Patron.Api.csproj" />
    <Project Path="src/Services/Patron/Elib.Patron.Application/Elib.Patron.Application.csproj" />
    <Project Path="src/Services/Patron/Elib.Patron.Domain/Elib.Patron.Domain.csproj" />
    <Project Path="src/Services/Patron/Elib.Patron.Infrastructure/Elib.Patron.Infrastructure.csproj" />
    <Project Path="src/Services/Patron/tests/Elib.Patron.Tests/Elib.Patron.Tests.csproj" />
  </Folder>
  <Folder Name="/Services/Catalog/">
    <Project Path="src/Services/Catalog/Elib.Catalog.Api/Elib.Catalog.Api.csproj" />
    <Project Path="src/Services/Catalog/Elib.Catalog.Application/Elib.Catalog.Application.csproj" />
    <Project Path="src/Services/Catalog/Elib.Catalog.Domain/Elib.Catalog.Domain.csproj" />
    <Project Path="src/Services/Catalog/Elib.Catalog.Infrastructure/Elib.Catalog.Infrastructure.csproj" />
    <Project Path="src/Services/Catalog/tests/Elib.Catalog.Tests/Elib.Catalog.Tests.csproj" />
  </Folder>
  <Folder Name="/Services/Search/">
    <Project Path="src/Services/Search/Elib.Search.Api/Elib.Search.Api.csproj" />
    <Project Path="src/Services/Search/Elib.Search.Application/Elib.Search.Application.csproj" />
    <Project Path="src/Services/Search/Elib.Search.Domain/Elib.Search.Domain.csproj" />
    <Project Path="src/Services/Search/Elib.Search.Infrastructure/Elib.Search.Infrastructure.csproj" />
    <Project Path="src/Services/Search/tests/Elib.Search.Tests/Elib.Search.Tests.csproj" />
  </Folder>
  <Folder Name="/Services/Holdings/">
    <Project Path="src/Services/Holdings/Elib.Holdings.Api/Elib.Holdings.Api.csproj" />
    <Project Path="src/Services/Holdings/Elib.Holdings.Application/Elib.Holdings.Application.csproj" />
    <Project Path="src/Services/Holdings/Elib.Holdings.Domain/Elib.Holdings.Domain.csproj" />
    <Project Path="src/Services/Holdings/Elib.Holdings.Infrastructure/Elib.Holdings.Infrastructure.csproj" />
    <Project Path="src/Services/Holdings/tests/Elib.Holdings.Tests/Elib.Holdings.Tests.csproj" />
  </Folder>
  <Folder Name="/Services/Circulation/">
    <Project Path="src/Services/Circulation/Elib.Circulation.Api/Elib.Circulation.Api.csproj" />
    <Project Path="src/Services/Circulation/Elib.Circulation.Application/Elib.Circulation.Application.csproj" />
    <Project Path="src/Services/Circulation/Elib.Circulation.Domain/Elib.Circulation.Domain.csproj" />
    <Project Path="src/Services/Circulation/Elib.Circulation.Infrastructure/Elib.Circulation.Infrastructure.csproj" />
    <Project Path="src/Services/Circulation/tests/Elib.Circulation.Tests/Elib.Circulation.Tests.csproj" />
  </Folder>
  <Folder Name="/Services/Media/">
    <Project Path="src/Services/Media/Elib.Media.Api/Elib.Media.Api.csproj" />
    <Project Path="src/Services/Media/Elib.Media.Application/Elib.Media.Application.csproj" />
    <Project Path="src/Services/Media/Elib.Media.Domain/Elib.Media.Domain.csproj" />
    <Project Path="src/Services/Media/Elib.Media.Infrastructure/Elib.Media.Infrastructure.csproj" />
    <Project Path="src/Services/Media/tests/Elib.Media.Tests/Elib.Media.Tests.csproj" />
  </Folder>
  <Folder Name="/Services/Identity/">
    <Project Path="src/Services/Identity/Elib.Identity.Api/Elib.Identity.Api.csproj" />
    <Project Path="src/Services/Identity/Elib.Identity.Application/Elib.Identity.Application.csproj" />
    <Project Path="src/Services/Identity/Elib.Identity.Domain/Elib.Identity.Domain.csproj" />
    <Project Path="src/Services/Identity/Elib.Identity.Infrastructure/Elib.Identity.Infrastructure.csproj" />
    <Project Path="src/Services/Identity/tests/Elib.Identity.Tests/Elib.Identity.Tests.csproj" />
  </Folder>
  <Folder Name="/Services/Notification/">
    <Project Path="src/Services/Notification/Elib.Notification.Api/Elib.Notification.Api.csproj" />
    <Project Path="src/Services/Notification/Elib.Notification.Application/Elib.Notification.Application.csproj" />
    <Project Path="src/Services/Notification/Elib.Notification.Domain/Elib.Notification.Domain.csproj" />
    <Project Path="src/Services/Notification/Elib.Notification.Infrastructure/Elib.Notification.Infrastructure.csproj" />
    <Project Path="src/Services/Notification/tests/Elib.Notification.Tests/Elib.Notification.Tests.csproj" />
  </Folder>
  <Folder Name="/Services/Tenant/">
    <Project Path="src/Services/Tenant/Elib.Tenant.Api/Elib.Tenant.Api.csproj" />
    <Project Path="src/Services/Tenant/Elib.Tenant.Application/Elib.Tenant.Application.csproj" />
    <Project Path="src/Services/Tenant/Elib.Tenant.Domain/Elib.Tenant.Domain.csproj" />
    <Project Path="src/Services/Tenant/Elib.Tenant.Infrastructure/Elib.Tenant.Infrastructure.csproj" />
    <Project Path="src/Services/Tenant/tests/Elib.Tenant.Tests/Elib.Tenant.Tests.csproj" />
  </Folder>
</Solution>
